{
  "name": "Bourgeois",
  "version": "1.0.0",
  "lockfileVersion": 1,
  "requires": true,
  "dependencies": {
    "snapdragon-lexer": {
      "version": "4.0.0",
      "resolved": "https://registry.npmjs.org/snapdragon-lexer/-/snapdragon-lexer-4.0.0.tgz",
      "integrity": "sha512-ddXT9cpKI0PUrs3xeoQVKEjequr0UyW9w281dzu8RTgWtqdIGZSvoWDsnIMPCc8Fupk4dByatSodhwYEGgrdSg=="
    }
  }
}
